// !$*UTF8*$!
{
	archiveVersion = 1;
	classes = {
	};
	objectVersion = 55;
	objects = {

/* Begin PBXBuildFile section */
		4412C0622885F75C00A94ECA /* AppDelegate.swift in Sources */ = {isa = PBXBuildFile; fileRef = 4412C0612885F75C00A94ECA /* AppDelegate.swift */; };
		4412C0642885F75C00A94ECA /* SceneDelegate.swift in Sources */ = {isa = PBXBuildFile; fileRef = 4412C0632885F75C00A94ECA /* SceneDelegate.swift */; };
		4412C0662885F75C00A94ECA /* ViewController.swift in Sources */ = {isa = PBXBuildFile; fileRef = 4412C0652885F75C00A94ECA /* ViewController.swift */; };
		4412C0692885F75C00A94ECA /* Main.storyboard in Resources */ = {isa = PBXBuildFile; fileRef = 4412C0672885F75C00A94ECA /* Main.storyboard */; };
		4412C06B2885F75D00A94ECA /* Assets.xcassets in Resources */ = {isa = PBXBuildFile; fileRef = 4412C06A2885F75D00A94ECA /* Assets.xcassets */; };
		4412C06E2885F75D00A94ECA /* LaunchScreen.storyboard in Resources */ = {isa = PBXBuildFile; fileRef = 4412C06C2885F75D00A94ECA /* LaunchScreen.storyboard */; };
		4412C07A2885F7FB00A94ECA /* JsonPlaceHolderViewController.swift in Sources */ = {isa = PBXBuildFile; fileRef = 4412C0782885F7FB00A94ECA /* JsonPlaceHolderViewController.swift */; };
		4412C07B2885F7FB00A94ECA /* JsonPlaceHolderViewController.xib in Resources */ = {isa = PBXBuildFile; fileRef = 4412C0792885F7FB00A94ECA /* JsonPlaceHolderViewController.xib */; };
		4412C07E2885F93D00A94ECA /* PostModel.swift in Sources */ = {isa = PBXBuildFile; fileRef = 4412C07D2885F93D00A94ECA /* PostModel.swift */; };
		4412C0822885F9DC00A94ECA /* JsonTableView.swift in Sources */ = {isa = PBXBuildFile; fileRef = 4412C0812885F9DC00A94ECA /* JsonTableView.swift */; };
		4451CAA32886A5B4009CAF93 /* JsonPlaceHolderService.swift in Sources */ = {isa = PBXBuildFile; fileRef = 4451CAA22886A5B4009CAF93 /* JsonPlaceHolderService.swift */; };
		4451CAA62886A5D3009CAF93 /* Alamofire in Frameworks */ = {isa = PBXBuildFile; productRef = 4451CAA52886A5D3009CAF93 /* Alamofire */; };
/* End PBXBuildFile section */

/* Begin PBXFileReference section */
		4412C05E2885F75C00A94ECA /* CleanPlacesTableHolder.app */ = {isa = PBXFileReference; explicitFileType = wrapper.application; includeInIndex = 0; path = CleanPlacesTableHolder.app; sourceTree = BUILT_PRODUCTS_DIR; };
		4412C0612885F75C00A94ECA /* AppDelegate.swift */ = {isa = PBXFileReference; lastKnownFileType = sourcecode.swift; path = AppDelegate.swift; sourceTree = "<group>"; };
		4412C0632885F75C00A94ECA /* SceneDelegate.swift */ = {isa = PBXFileReference; lastKnownFileType = sourcecode.swift; path = SceneDelegate.swift; sourceTree = "<group>"; };
		4412C0652885F75C00A94ECA /* ViewController.swift */ = {isa = PBXFileReference; lastKnownFileType = sourcecode.swift; path = ViewController.swift; sourceTree = "<group>"; };
		4412C0682885F75C00A94ECA /* Base */ = {isa = PBXFileReference; lastKnownFileType = file.storyboard; name = Base; path = Base.lproj/Main.storyboard; sourceTree = "<group>"; };
		4412C06A2885F75D00A94ECA /* Assets.xcassets */ = {isa = PBXFileReference; lastKnownFileType = folder.assetcatalog; path = Assets.xcassets; sourceTree = "<group>"; };
		4412C06D2885F75D00A94ECA /* Base */ = {isa = PBXFileReference; lastKnownFileType = file.storyboard; name = Base; path = Base.lproj/LaunchScreen.storyboard; sourceTree = "<group>"; };
		4412C06F2885F75D00A94ECA /* Info.plist */ = {isa = PBXFileReference; lastKnownFileType = text.plist.xml; path = Info.plist; sourceTree = "<group>"; };
		4412C0782885F7FB00A94ECA /* JsonPlaceHolderViewController.swift */ = {isa = PBXFileReference; lastKnownFileType = sourcecode.swift; path = JsonPlaceHolderViewController.swift; sourceTree = "<group>"; };
		4412C0792885F7FB00A94ECA /* JsonPlaceHolderViewController.xib */ = {isa = PBXFileReference; lastKnownFileType = file.xib; path = JsonPlaceHolderViewController.xib; sourceTree = "<group>"; };
		4412C07D2885F93D00A94ECA /* PostModel.swift */ = {isa = PBXFileReference; lastKnownFileType = sourcecode.swift; path = PostModel.swift; sourceTree = "<group>"; };
		4412C0812885F9DC00A94ECA /* JsonTableView.swift */ = {isa = PBXFileReference; lastKnownFileType = sourcecode.swift; path = JsonTableView.swift; sourceTree = "<group>"; };
		4451CAA22886A5B4009CAF93 /* JsonPlaceHolderService.swift */ = {isa = PBXFileReference; lastKnownFileType = sourcecode.swift; path = JsonPlaceHolderService.swift; sourceTree = "<group>"; };
/* End PBXFileReference section */

/* Begin PBXFrameworksBuildPhase section */
		4412C05B2885F75C00A94ECA /* Frameworks */ = {
			isa = PBXFrameworksBuildPhase;
			buildActionMask = 2147483647;
			files = (
				4451CAA62886A5D3009CAF93 /* Alamofire in Frameworks */,
			);
			runOnlyForDeploymentPostprocessing = 0;
		};
/* End PBXFrameworksBuildPhase section */

/* Begin PBXGroup section */
		4412C0552885F75C00A94ECA = {
			isa = PBXGroup;
			children = (
				4412C0602885F75C00A94ECA /* CleanPlacesTableHolder */,
				4412C05F2885F75C00A94ECA /* Products */,
			);
			sourceTree = "<group>";
		};
		4412C05F2885F75C00A94ECA /* Products */ = {
			isa = PBXGroup;
			children = (
				4412C05E2885F75C00A94ECA /* CleanPlacesTableHolder.app */,
			);
			name = Products;
			sourceTree = "<group>";
		};
		4412C0602885F75C00A94ECA /* CleanPlacesTableHolder */ = {
			isa = PBXGroup;
			children = (
				4412C0762885F78900A94ECA /* Core */,
				4412C0752885F77B00A94ECA /* Fatures */,
				4412C06A2885F75D00A94ECA /* Assets.xcassets */,
				4412C06F2885F75D00A94ECA /* Info.plist */,
			);
			path = CleanPlacesTableHolder;
			sourceTree = "<group>";
		};
		4412C0752885F77B00A94ECA /* Fatures */ = {
			isa = PBXGroup;
			children = (
				4412C07F2885F9A500A94ECA /* Service */,
				4412C07C2885F90B00A94ECA /* Model */,
				4412C0772885F7B600A94ECA /* View */,
			);
			path = Fatures;
			sourceTree = "<group>";
		};
		4412C0762885F78900A94ECA /* Core */ = {
			isa = PBXGroup;
			children = (
				4412C0652885F75C00A94ECA /* ViewController.swift */,
				4412C0672885F75C00A94ECA /* Main.storyboard */,
				4412C06C2885F75D00A94ECA /* LaunchScreen.storyboard */,
				4412C0612885F75C00A94ECA /* AppDelegate.swift */,
				4412C0632885F75C00A94ECA /* SceneDelegate.swift */,
			);
			path = Core;
			sourceTree = "<group>";
		};
		4412C0772885F7B600A94ECA /* View */ = {
			isa = PBXGroup;
			children = (
				4412C0802885F9BC00A94ECA /* SubView */,
				4412C0782885F7FB00A94ECA /* JsonPlaceHolderViewController.swift */,
				4412C0792885F7FB00A94ECA /* JsonPlaceHolderViewController.xib */,
			);
			path = View;
			sourceTree = "<group>";
		};
		4412C07C2885F90B00A94ECA /* Model */ = {
			isa = PBXGroup;
			children = (
				4412C07D2885F93D00A94ECA /* PostModel.swift */,
			);
			path = Model;
			sourceTree = "<group>";
		};
		4412C07F2885F9A500A94ECA /* Service */ = {
			isa = PBXGroup;
			children = (
				4451CAA22886A5B4009CAF93 /* JsonPlaceHolderService.swift */,
			);
			path = Service;
			sourceTree = "<group>";
		};
		4412C0802885F9BC00A94ECA /* SubView */ = {
			isa = PBXGroup;
			children = (
				4412C0812885F9DC00A94ECA /* JsonTableView.swift */,
			);
			path = SubView;
			sourceTree = "<group>";
		};
/* End PBXGroup section */

/* Begin PBXNativeTarget section */
		4412C05D2885F75C00A94ECA /* CleanPlacesTableHolder */ = {
			isa = PBXNativeTarget;
			buildConfigurationList = 4412C0722885F75D00A94ECA /* Build configuration list for PBXNativeTarget "CleanPlacesTableHolder" */;
			buildPhases = (
				4412C05A2885F75C00A94ECA /* Sources */,
				4412C05B2885F75C00A94ECA /* Frameworks */,
				4412C05C2885F75C00A94ECA /* Resources */,
			);
			buildRules = (
			);
			dependencies = (
			);
			name = CleanPlacesTableHolder;
			packageProductDependencies = (
				4451CAA52886A5D3009CAF93 /* Alamofire */,
			);
			productName = CleanPlacesTableHolder;
			productReference = 4412C05E2885F75C00A94ECA /* CleanPlacesTableHolder.app */;
			productType = "com.apple.product-type.application";
		};
/* End PBXNativeTarget section */

/* Begin PBXProject section */
		4412C0562885F75C00A94ECA /* Project object */ = {
			isa = PBXProject;
			attributes = {
				BuildIndependentTargetsInParallel = 1;
				LastSwiftUpdateCheck = 1320;
				LastUpgradeCheck = 1320;
				TargetAttributes = {
					4412C05D2885F75C00A94ECA = {
						CreatedOnToolsVersion = 13.2.1;
					};
				};
			};
			buildConfigurationList = 4412C0592885F75C00A94ECA /* Build configuration list for PBXProject "CleanPlacesTableHolder" */;
			compatibilityVersion = "Xcode 13.0";
			developmentRegion = en;
			hasScannedForEncodings = 0;
			knownRegions = (
				en,
				Base,
			);
			mainGroup = 4412C0552885F75C00A94ECA;
			packageReferences = (
				4451CAA42886A5D3009CAF93 /* XCRemoteSwiftPackageReference "Alamofire" */,
			);
			productRefGroup = 4412C05F2885F75C00A94ECA /* Products */;
			projectDirPath = "";
			projectRoot = "";
			targets = (
				4412C05D2885F75C00A94ECA /* CleanPlacesTableHolder */,
			);
		};
/* End PBXProject section */

/* Begin PBXResourcesBuildPhase section */
		4412C05C2885F75C00A94ECA /* Resources */ = {
			isa = PBXResourcesBuildPhase;
			buildActionMask = 2147483647;
			files = (
				4412C06E2885F75D00A94ECA /* LaunchScreen.storyboard in Resources */,
				4412C06B2885F75D00A94ECA /* Assets.xcassets in Resources */,
				4412C07B2885F7FB00A94ECA /* JsonPlaceHolderViewController.xib in Resources */,
				4412C0692885F75C00A94ECA /* Main.storyboard in Resources */,
			);
			runOnlyForDeploymentPostprocessing = 0;
		};
/* End PBXResourcesBuildPhase section */

/* Begin PBXSourcesBuildPhase section */
		4412C05A2885F75C00A94ECA /* Sources */ = {
			isa = PBXSourcesBuildPhase;
			buildActionMask = 2147483647;
			files = (
				4412C0662885F75C00A94ECA /* ViewController.swift in Sources */,
				4412C07E2885F93D00A94ECA /* PostModel.swift in Sources */,
				4412C0622885F75C00A94ECA /* AppDelegate.swift in Sources */,
				4451CAA32886A5B4009CAF93 /* JsonPlaceHolderService.swift in Sources */,
				4412C0822885F9DC00A94ECA /* JsonTableView.swift in Sources */,
				4412C07A2885F7FB00A94ECA /* JsonPlaceHolderViewController.swift in Sources */,
				4412C0642885F75C00A94ECA /* SceneDelegate.swift in Sources */,
			);
			runOnlyForDeploymentPostprocessing = 0;
		};
/* End PBXSourcesBuildPhase section */

/* Begin PBXVariantGroup section */
		4412C0672885F75C00A94ECA /* Main.storyboard */ = {
			isa = PBXVariantGroup;
			children = (
				4412C0682885F75C00A94ECA /* Base */,
			);
			name = Main.storyboard;
			sourceTree = "<group>";
		};
		4412C06C2885F75D00A94ECA /* LaunchScreen.storyboard */ = {
			isa = PBXVariantGroup;
			children = (
				4412C06D2885F75D00A94ECA /* Base */,
			);
			name = LaunchScreen.storyboard;
			sourceTree = "<group>";
		};
/* End PBXVariantGroup section */

/* Begin XCBuildConfiguration section */
		4412C0702885F75D00A94ECA /* Debug */ = {
			isa = XCBuildConfiguration;
			buildSettings = {
				ALWAYS_SEARCH_USER_PATHS = NO;
				CLANG_ANALYZER_NONNULL = YES;
				CLANG_ANALYZER_NUMBER_OBJECT_CONVERSION = YES_AGGRESSIVE;
				CLANG_CXX_LANGUAGE_STANDARD = "gnu++17";
				CLANG_CXX_LIBRARY = "libc++";
				CLANG_ENABLE_MODULES = YES;
				CLANG_ENABLE_OBJC_ARC = YES;
				CLANG_ENABLE_OBJC_WEAK = YES;
				CLANG_WARN_BLOCK_CAPTURE_AUTORELEASING = YES;
				CLANG_WARN_BOOL_CONVERSION = YES;
				CLANG_WARN_COMMA = YES;
				CLANG_WARN_CONSTANT_CONVERSION = YES;
				CLANG_WARN_DEPRECATED_OBJC_IMPLEMENTATIONS = YES;
				CLANG_WARN_DIRECT_OBJC_ISA_USAGE = YES_ERROR;
				CLANG_WARN_DOCUMENTATION_COMMENTS = YES;
				CLANG_WARN_EMPTY_BODY = YES;
				CLANG_WARN_ENUM_CONVERSION = YES;
				CLANG_WARN_INFINITE_RECURSION = YES;
				CLANG_WARN_INT_CONVERSION = YES;
				CLANG_WARN_NON_LITERAL_NULL_CONVERSION = YES;
				CLANG_WARN_OBJC_IMPLICIT_RETAIN_SELF = YES;
				CLANG_WARN_OBJC_LITERAL_CONVERSION = YES;
				CLANG_WARN_OBJC_ROOT_CLASS = YES_ERROR;
				CLANG_WARN_QUOTED_INCLUDE_IN_FRAMEWORK_HEADER = YES;
				CLANG_WARN_RANGE_LOOP_ANALYSIS = YES;
				CLANG_WARN_STRICT_PROTOTYPES = YES;
				CLANG_WARN_SUSPICIOUS_MOVE = YES;
				CLANG_WARN_UNGUARDED_AVAILABILITY = YES_AGGRESSIVE;
				CLANG_WARN_UNREACHABLE_CODE = YES;
				CLANG_WARN__DUPLICATE_METHOD_MATCH = YES;
				COPY_PHASE_STRIP = NO;
				DEBUG_INFORMATION_FORMAT = dwarf;
				ENABLE_STRICT_OBJC_MSGSEND = YES;
				ENABLE_TESTABILITY = YES;
				GCC_C_LANGUAGE_STANDARD = gnu11;
				GCC_DYNAMIC_NO_PIC = NO;
				GCC_NO_COMMON_BLOCKS = YES;
				GCC_OPTIMIZATION_LEVEL = 0;
				GCC_PREPROCESSOR_DEFINITIONS = (
					"DEBUG=1",
					"$(inherited)",
				);
				GCC_WARN_64_TO_32_BIT_CONVERSION = YES;
				GCC_WARN_ABOUT_RETURN_TYPE = YES_ERROR;
				GCC_WARN_UNDECLARED_SELECTOR = YES;
				GCC_WARN_UNINITIALIZED_AUTOS = YES_AGGRESSIVE;
				GCC_WARN_UNUSED_FUNCTION = YES;
				GCC_WARN_UNUSED_VARIABLE = YES;
				IPHONEOS_DEPLOYMENT_TARGET = 15.2;
				MTL_ENABLE_DEBUG_INFO = INCLUDE_SOURCE;
				MTL_FAST_MATH = YES;
				ONLY_ACTIVE_ARCH = YES;
				SDKROOT = iphoneos;
				SWIFT_ACTIVE_COMPILATION_CONDITIONS = DEBUG;
				SWIFT_OPTIMIZATION_LEVEL = "-Onone";
			};
			name = Debug;
		};
		4412C0712885F75D00A94ECA /* Release */ = {
			isa = XCBuildConfiguration;
			buildSettings = {
				ALWAYS_SEARCH_USER_PATHS = NO;
				CLANG_ANALYZER_NONNULL = YES;
				CLANG_ANALYZER_NUMBER_OBJECT_CONVERSION = YES_AGGRESSIVE;
				CLANG_CXX_LANGUAGE_STANDARD = "gnu++17";
				CLANG_CXX_LIBRARY = "libc++";
				CLANG_ENABLE_MODULES = YES;
				CLANG_ENABLE_OBJC_ARC = YES;
				CLANG_ENABLE_OBJC_WEAK = YES;
				CLANG_WARN_BLOCK_CAPTURE_AUTORELEASING = YES;
				CLANG_WARN_BOOL_CONVERSION = YES;
				CLANG_WARN_COMMA = YES;
				CLANG_WARN_CONSTANT_CONVERSION = YES;
				CLANG_WARN_DEPRECATED_OBJC_IMPLEMENTATIONS = YES;
				CLANG_WARN_DIRECT_OBJC_ISA_USAGE = YES_ERROR;
				CLANG_WARN_DOCUMENTATION_COMMENTS = YES;
				CLANG_WARN_EMPTY_BODY = YES;
				CLANG_WARN_ENUM_CONVERSION = YES;
				CLANG_WARN_INFINITE_RECURSION = YES;
				CLANG_WARN_INT_CONVERSION = YES;
				CLANG_WARN_NON_LITERAL_NULL_CONVERSION = YES;
				CLANG_WARN_OBJC_IMPLICIT_RETAIN_SELF = YES;
				CLANG_WARN_OBJC_LITERAL_CONVERSION = YES;
				CLANG_WARN_OBJC_ROOT_CLASS = YES_ERROR;
				CLANG_WARN_QUOTED_INCLUDE_IN_FRAMEWORK_HEADER = YES;
				CLANG_WARN_RANGE_LOOP_ANALYSIS = YES;
				CLANG_WARN_STRICT_PROTOTYPES = YES;
				CLANG_WARN_SUSPICIOUS_MOVE = YES;
				CLANG_WARN_UNGUARDED_AVAILABILITY = YES_AGGRESSIVE;
				CLANG_WARN_UNREACHABLE_CODE = YES;
				CLANG_WARN__DUPLICATE_METHOD_MATCH = YES;
				COPY_PHASE_STRIP = NO;
				DEBUG_INFORMATION_FORMAT = "dwarf-with-dsym";
				ENABLE_NS_ASSERTIONS = NO;
				ENABLE_STRICT_OBJC_MSGSEND = YES;
				GCC_C_LANGUAGE_STANDARD = gnu11;
				GCC_NO_COMMON_BLOCKS = YES;
				GCC_WARN_64_TO_32_BIT_CONVERSION = YES;
				GCC_WARN_ABOUT_RETURN_TYPE = YES_ERROR;
				GCC_WARN_UNDECLARED_SELECTOR = YES;
				GCC_WARN_UNINITIALIZED_AUTOS = YES_AGGRESSIVE;
				GCC_WARN_UNUSED_FUNCTION = YES;
				GCC_WARN_UNUSED_VARIABLE = YES;
				IPHONEOS_DEPLOYMENT_TARGET = 15.2;
				MTL_ENABLE_DEBUG_INFO = NO;
				MTL_FAST_MATH = YES;
				SDKROOT = iphoneos;
				SWIFT_COMPILATION_MODE = wholemodule;
				SWIFT_OPTIMIZATION_LEVEL = "-O";
				VALIDATE_PRODUCT = YES;
			};
			name = Release;
		};
		4412C0732885F75D00A94ECA /* Debug */ = {
			isa = XCBuildConfiguration;
			buildSettings = {
				ASSETCATALOG_COMPILER_APPICON_NAME = AppIcon;
				ASSETCATALOG_COMPILER_GLOBAL_ACCENT_COLOR_NAME = AccentColor;
				CODE_SIGN_STYLE = Automatic;
				CURRENT_PROJECT_VERSION = 1;
				DEVELOPMENT_TEAM = W7548MFZWQ;
				GENERATE_INFOPLIST_FILE = YES;
				INFOPLIST_FILE = CleanPlacesTableHolder/Info.plist;
				INFOPLIST_KEY_UIApplicationSupportsIndirectInputEvents = YES;
				INFOPLIST_KEY_UILaunchStoryboardName = LaunchScreen;
				INFOPLIST_KEY_UIMainStoryboardFile = Main;
				INFOPLIST_KEY_UISupportedInterfaceOrientations_iPad = "UIInterfaceOrientationPortrait UIInterfaceOrientationPortraitUpsideDown UIInterfaceOrientationLandscapeLeft UIInterfaceOrientationLandscapeRight";
				INFOPLIST_KEY_UISupportedInterfaceOrientations_iPhone = "UIInterfaceOrientationPortrait UIInterfaceOrientationLandscapeLeft UIInterfaceOrientationLandscapeRight";
				LD_RUNPATH_SEARCH_PATHS = (
					"$(inherited)",
					"@executable_path/Frameworks",
				);
				MARKETING_VERSION = 1.0;
				PRODUCT_BUNDLE_IDENTIFIER = com.ismailackyurek.CleanPlacesTableHolder;
				PRODUCT_NAME = "$(TARGET_NAME)";
				SWIFT_EMIT_LOC_STRINGS = YES;
				SWIFT_VERSION = 5.0;
				TARGETED_DEVICE_FAMILY = 1;
			};
			name = Debug;
		};
		4412C0742885F75D00A94ECA /* Release */ = {
			isa = XCBuildConfiguration;
			buildSettings = {
				ASSETCATALOG_COMPILER_APPICON_NAME = AppIcon;
				ASSETCATALOG_COMPILER_GLOBAL_ACCENT_COLOR_NAME = AccentColor;
				CODE_SIGN_STYLE = Automatic;
				CURRENT_PROJECT_VERSION = 1;
				DEVELOPMENT_TEAM = W7548MFZWQ;
				GENERATE_INFOPLIST_FILE = YES;
				INFOPLIST_FILE = CleanPlacesTableHolder/Info.plist;
				INFOPLIST_KEY_UIApplicationSupportsIndirectInputEvents = YES;
				INFOPLIST_KEY_UILaunchStoryboardName = LaunchScreen;
				INFOPLIST_KEY_UIMainStoryboardFile = Main;
				INFOPLIST_KEY_UISupportedInterfaceOrientations_iPad = "UIInterfaceOrientationPortrait UIInterfaceOrientationPortraitUpsideDown UIInterfaceOrientationLandscapeLeft UIInterfaceOrientationLandscapeRight";
				INFOPLIST_KEY_UISupportedInterfaceOrientations_iPhone = "UIInterfaceOrientationPortrait UIInterfaceOrientationLandscapeLeft UIInterfaceOrientationLandscapeRight";
				LD_RUNPATH_SEARCH_PATHS = (
					"$(inherited)",
					"@executable_path/Frameworks",
				);
				MARKETING_VERSION = 1.0;
				PRODUCT_BUNDLE_IDENTIFIER = com.ismailackyurek.CleanPlacesTableHolder;
				PRODUCT_NAME = "$(TARGET_NAME)";
				SWIFT_EMIT_LOC_STRINGS = YES;
				SWIFT_VERSION = 5.0;
				TARGETED_DEVICE_FAMILY = 1;
			};
			name = Release;
		};
/* End XCBuildConfiguration section */

/* Begin XCConfigurationList section */
		4412C0592885F75C00A94ECA /* Build configuration list for PBXProject "CleanPlacesTableHolder" */ = {
			isa = XCConfigurationList;
			buildConfigurations = (
				4412C0702885F75D00A94ECA /* Debug */,
				4412C0712885F75D00A94ECA /* Release */,
			);
			defaultConfigurationIsVisible = 0;
			defaultConfigurationName = Release;
		};
		4412C0722885F75D00A94ECA /* Build configuration list for PBXNativeTarget "CleanPlacesTableHolder" */ = {
			isa = XCConfigurationList;
			buildConfigurations = (
				4412C0732885F75D00A94ECA /* Debug */,
				4412C0742885F75D00A94ECA /* Release */,
			);
			defaultConfigurationIsVisible = 0;
			defaultConfigurationName = Release;
		};
/* End XCConfigurationList section */

/* Begin XCRemoteSwiftPackageReference section */
		4451CAA42886A5D3009CAF93 /* XCRemoteSwiftPackageReference "Alamofire" */ = {
			isa = XCRemoteSwiftPackageReference;
			repositoryURL = "https://github.com/Alamofire/Alamofire.git";
			requirement = {
				branch = master;
				kind = branch;
			};
		};
/* End XCRemoteSwiftPackageReference section */

/* Begin XCSwiftPackageProductDependency section */
		4451CAA52886A5D3009CAF93 /* Alamofire */ = {
			isa = XCSwiftPackageProductDependency;
			package = 4451CAA42886A5D3009CAF93 /* XCRemoteSwiftPackageReference "Alamofire" */;
			productName = Alamofire;
		};
/* End XCSwiftPackageProductDependency section */
	};
	rootObject = 4412C0562885F75C00A94ECA /* Project object */;
}
